
Microsoft Visual Studio Solution File, Format Version 12.00
# Visual Studio Version 17
VisualStudioVersion = 17.12.35527.113 d17.12
MinimumVisualStudioVersion = 10.0.40219.1
Project("{FAE04EC0-301F-11D3-BF4B-00C04F79EFBC}") = "SistemaGestionInventario", "SistemaGestionInventario\SistemaGestionInventario.csproj", "{91BD39DA-45F2-4A2C-9D70-B7674BC9616C}"
EndProject
Global
	GlobalSection(SolutionConfigurationPlatforms) = preSolution
		Debug|Any CPU = Debug|Any CPU
		Release|Any CPU = Release|Any CPU
	EndGlobalSection
	GlobalSection(ProjectConfigurationPlatforms) = postSolution
		{91BD39DA-45F2-4A2C-9D70-B7674BC9616C}.Debug|Any CPU.ActiveCfg = Debug|Any CPU
		{91BD39DA-45F2-4A2C-9D70-B7674BC9616C}.Debug|Any CPU.Build.0 = Debug|Any CPU
		{91BD39DA-45F2-4A2C-9D70-B7674BC9616C}.Release|Any CPU.ActiveCfg = Release|Any CPU
		{91BD39DA-45F2-4A2C-9D70-B7674BC9616C}.Release|Any CPU.Build.0 = Release|Any CPU
	EndGlobalSection
	GlobalSection(SolutionProperties) = preSolution
		HideSolutionNode = FALSE
	EndGlobalSection
EndGlobal
